{
  "name": "Test",
  "lockfileVersion": 2,
  "requires": true,
  "packages": {
    "": {
      "dependencies": {
        "social-share.js": "^1.0.16"
      }
    },
    "node_modules/social-share.js": {
      "version": "1.0.16",
      "resolved": "https://registry.npmjs.org/social-share.js/-/social-share.js-1.0.16.tgz",
      "integrity": "sha1-H9SpHEbIxoNWcPEUcuyy4pMhUxA="
    }
  },
  "dependencies": {
    "social-share.js": {
      "version": "1.0.16",
      "resolved": "https://registry.npmjs.org/social-share.js/-/social-share.js-1.0.16.tgz",
      "integrity": "sha1-H9SpHEbIxoNWcPEUcuyy4pMhUxA="
    }
  }
}
